
Microsoft Visual Studio Solution File, Format Version 12.00
# Visual Studio 15
VisualStudioVersion = 15.0.27703.2026
MinimumVisualStudioVersion = 10.0.40219.1
Project("{FAE04EC0-301F-11D3-BF4B-00C04F79EFBC}") = "TrainingDataCollector", "TrainingDataCollector\TrainingDataCollector.csproj", "{DC944688-76DF-4DF6-926A-53EB208A3765}"
EndProject
Global
	GlobalSection(SolutionConfigurationPlatforms) = preSolution
		Debug|Any CPU = Debug|Any CPU
		Release|Any CPU = Release|Any CPU
	EndGlobalSection
	GlobalSection(ProjectConfigurationPlatforms) = postSolution
		{DC944688-76DF-4DF6-926A-53EB208A3765}.Debug|Any CPU.ActiveCfg = Debug|Any CPU
		{DC944688-76DF-4DF6-926A-53EB208A3765}.Debug|Any CPU.Build.0 = Debug|Any CPU
		{DC944688-76DF-4DF6-926A-53EB208A3765}.Release|Any CPU.ActiveCfg = Release|Any CPU
		{DC944688-76DF-4DF6-926A-53EB208A3765}.Release|Any CPU.Build.0 = Release|Any CPU
	EndGlobalSection
	GlobalSection(SolutionProperties) = preSolution
		HideSolutionNode = FALSE
	EndGlobalSection
	GlobalSection(ExtensibilityGlobals) = postSolution
		SolutionGuid = {25F10AD2-F25B-4AC3-98C2-3A40CC7DF158}
	EndGlobalSection
EndGlobal
